
Microsoft Visual Studio Solution File, Format Version 12.00
# Visual Studio 15
VisualStudioVersion = 15.0.27428.2037
MinimumVisualStudioVersion = 10.0.40219.1
Project("{FAE04EC0-301F-11D3-BF4B-00C04F79EFBC}") = "NeuralSnake", "NeuralSnake.csproj", "{E4E2C2A6-062F-40D5-95C2-AD9268E9B529}"
EndProject
Global
	GlobalSection(SolutionConfigurationPlatforms) = preSolution
		Debug|Any CPU = Debug|Any CPU
		Release|Any CPU = Release|Any CPU
	EndGlobalSection
	GlobalSection(ProjectConfigurationPlatforms) = postSolution
		{E4E2C2A6-062F-40D5-95C2-AD9268E9B529}.Debug|Any CPU.ActiveCfg = Debug|Any CPU
		{E4E2C2A6-062F-40D5-95C2-AD9268E9B529}.Debug|Any CPU.Build.0 = Debug|Any CPU
		{E4E2C2A6-062F-40D5-95C2-AD9268E9B529}.Release|Any CPU.ActiveCfg = Release|Any CPU
		{E4E2C2A6-062F-40D5-95C2-AD9268E9B529}.Release|Any CPU.Build.0 = Release|Any CPU
	EndGlobalSection
	GlobalSection(SolutionProperties) = preSolution
		HideSolutionNode = FALSE
	EndGlobalSection
	GlobalSection(ExtensibilityGlobals) = postSolution
		SolutionGuid = {81814AD1-86EC-456A-AD43-5931E09712BB}
	EndGlobalSection
EndGlobal
